
Microsoft Visual Studio Solution File, Format Version 12.00
# Visual Studio Version 17
VisualStudioVersion = 17.11.35431.28
MinimumVisualStudioVersion = 10.0.40219.1
Project("{9A19103F-16F7-4668-BE54-9A1E7A4F7556}") = "Lab5", "DZ5\Lab5.csproj", "{1805A937-A628-40BC-B6E5-9F44DC31139D}"
EndProject
Project("{FAE04EC0-301F-11D3-BF4B-00C04F79EFBC}") = "Fail5", "Fail5\Fail5.csproj", "{913AA8E0-EECA-480D-BD4E-5798F68F8991}"
EndProject
Global
	GlobalSection(SolutionConfigurationPlatforms) = preSolution
		Debug|Any CPU = Debug|Any CPU
		Release|Any CPU = Release|Any CPU
	EndGlobalSection
	GlobalSection(ProjectConfigurationPlatforms) = postSolution
		{1805A937-A628-40BC-B6E5-9F44DC31139D}.Debug|Any CPU.ActiveCfg = Debug|Any CPU
		{1805A937-A628-40BC-B6E5-9F44DC31139D}.Debug|Any CPU.Build.0 = Debug|Any CPU
		{1805A937-A628-40BC-B6E5-9F44DC31139D}.Release|Any CPU.ActiveCfg = Release|Any CPU
		{1805A937-A628-40BC-B6E5-9F44DC31139D}.Release|Any CPU.Build.0 = Release|Any CPU
		{913AA8E0-EECA-480D-BD4E-5798F68F8991}.Debug|Any CPU.ActiveCfg = Debug|Any CPU
		{913AA8E0-EECA-480D-BD4E-5798F68F8991}.Debug|Any CPU.Build.0 = Debug|Any CPU
		{913AA8E0-EECA-480D-BD4E-5798F68F8991}.Release|Any CPU.ActiveCfg = Release|Any CPU
		{913AA8E0-EECA-480D-BD4E-5798F68F8991}.Release|Any CPU.Build.0 = Release|Any CPU
	EndGlobalSection
	GlobalSection(SolutionProperties) = preSolution
		HideSolutionNode = FALSE
	EndGlobalSection
	GlobalSection(ExtensibilityGlobals) = postSolution
		SolutionGuid = {4E3DA4DE-A4E7-41C1-B133-AF61D5B4A4D5}
	EndGlobalSection
EndGlobal
